
Microsoft Visual Studio Solution File, Format Version 12.00
# Visual Studio Version 17
VisualStudioVersion = 17.0.32112.339
MinimumVisualStudioVersion = 10.0.40219.1
Project("{9A19103F-16F7-4668-BE54-9A1E7A4F7556}") = "FizzBazz", "FizzBazz\FizzBazz.csproj", "{0B1B7772-C7F9-498B-ABE5-0557A7BDFB36}"
EndProject
Project("{FAE04EC0-301F-11D3-BF4B-00C04F79EFBC}") = "FizzBazz.UnitTests", "FizzBazz.UnitTests\FizzBazz.UnitTests.csproj", "{939D0CDD-5B31-4911-B4FC-9A5AAC342D42}"
EndProject
Global
	GlobalSection(SolutionConfigurationPlatforms) = preSolution
		Debug|Any CPU = Debug|Any CPU
		Release|Any CPU = Release|Any CPU
	EndGlobalSection
	GlobalSection(ProjectConfigurationPlatforms) = postSolution
		{0B1B7772-C7F9-498B-ABE5-0557A7BDFB36}.Debug|Any CPU.ActiveCfg = Debug|Any CPU
		{0B1B7772-C7F9-498B-ABE5-0557A7BDFB36}.Debug|Any CPU.Build.0 = Debug|Any CPU
		{0B1B7772-C7F9-498B-ABE5-0557A7BDFB36}.Release|Any CPU.ActiveCfg = Release|Any CPU
		{0B1B7772-C7F9-498B-ABE5-0557A7BDFB36}.Release|Any CPU.Build.0 = Release|Any CPU
		{939D0CDD-5B31-4911-B4FC-9A5AAC342D42}.Debug|Any CPU.ActiveCfg = Debug|Any CPU
		{939D0CDD-5B31-4911-B4FC-9A5AAC342D42}.Debug|Any CPU.Build.0 = Debug|Any CPU
		{939D0CDD-5B31-4911-B4FC-9A5AAC342D42}.Release|Any CPU.ActiveCfg = Release|Any CPU
		{939D0CDD-5B31-4911-B4FC-9A5AAC342D42}.Release|Any CPU.Build.0 = Release|Any CPU
	EndGlobalSection
	GlobalSection(SolutionProperties) = preSolution
		HideSolutionNode = FALSE
	EndGlobalSection
	GlobalSection(ExtensibilityGlobals) = postSolution
		SolutionGuid = {0DE49656-FA42-4E3C-BA8F-A8F8B2EE9F50}
	EndGlobalSection
EndGlobal
