
Microsoft Visual Studio Solution File, Format Version 12.00
# Visual Studio Version 17
VisualStudioVersion = 17.0.32112.339
MinimumVisualStudioVersion = 10.0.40219.1
Project("{FAE04EC0-301F-11D3-BF4B-00C04F79EFBC}") = "Bowling.MyVer", "Bowling.MyVer\Bowling.MyVer.csproj", "{03599D12-5CB6-4181-80A5-4882E285BAE7}"
EndProject
Project("{FAE04EC0-301F-11D3-BF4B-00C04F79EFBC}") = "Bowling.MyVer.Test", "Bowling.MyVer.Test\Bowling.MyVer.Test.csproj", "{658A2A53-B932-451B-BAC7-C38A4E135F55}"
EndProject
Global
	GlobalSection(SolutionConfigurationPlatforms) = preSolution
		Debug|Any CPU = Debug|Any CPU
		Release|Any CPU = Release|Any CPU
	EndGlobalSection
	GlobalSection(ProjectConfigurationPlatforms) = postSolution
		{03599D12-5CB6-4181-80A5-4882E285BAE7}.Debug|Any CPU.ActiveCfg = Debug|Any CPU
		{03599D12-5CB6-4181-80A5-4882E285BAE7}.Debug|Any CPU.Build.0 = Debug|Any CPU
		{03599D12-5CB6-4181-80A5-4882E285BAE7}.Release|Any CPU.ActiveCfg = Release|Any CPU
		{03599D12-5CB6-4181-80A5-4882E285BAE7}.Release|Any CPU.Build.0 = Release|Any CPU
		{658A2A53-B932-451B-BAC7-C38A4E135F55}.Debug|Any CPU.ActiveCfg = Debug|Any CPU
		{658A2A53-B932-451B-BAC7-C38A4E135F55}.Debug|Any CPU.Build.0 = Debug|Any CPU
		{658A2A53-B932-451B-BAC7-C38A4E135F55}.Release|Any CPU.ActiveCfg = Release|Any CPU
		{658A2A53-B932-451B-BAC7-C38A4E135F55}.Release|Any CPU.Build.0 = Release|Any CPU
	EndGlobalSection
	GlobalSection(SolutionProperties) = preSolution
		HideSolutionNode = FALSE
	EndGlobalSection
	GlobalSection(ExtensibilityGlobals) = postSolution
		SolutionGuid = {108CE5FB-CAB6-432D-9BE3-FDCAE8F28127}
	EndGlobalSection
EndGlobal
